// !$*UTF8*$!
{
	archiveVersion = 1;
	classes = {
	};
	objectVersion = 50;
	objects = {

/* Begin PBXBuildFile section */
		E555694D26A894BC008C8E88 /* AppDelegate.swift in Sources */ = {isa = PBXBuildFile; fileRef = E555694C26A894BC008C8E88 /* AppDelegate.swift */; };
		E555694F26A894BC008C8E88 /* SceneDelegate.swift in Sources */ = {isa = PBXBuildFile; fileRef = E555694E26A894BC008C8E88 /* SceneDelegate.swift */; };
		E555695126A894BC008C8E88 /* ViewController.swift in Sources */ = {isa = PBXBuildFile; fileRef = E555695026A894BC008C8E88 /* ViewController.swift */; };
		E555695426A894BC008C8E88 /* Main.storyboard in Resources */ = {isa = PBXBuildFile; fileRef = E555695226A894BC008C8E88 /* Main.storyboard */; };
		E555695626A894BE008C8E88 /* Assets.xcassets in Resources */ = {isa = PBXBuildFile; fileRef = E555695526A894BE008C8E88 /* Assets.xcassets */; };
		E555695926A894BE008C8E88 /* LaunchScreen.storyboard in Resources */ = {isa = PBXBuildFile; fileRef = E555695726A894BE008C8E88 /* LaunchScreen.storyboard */; };
		E5A8F4EF26AC85B20093D4E5 /* Room01ViewController.swift in Sources */ = {isa = PBXBuildFile; fileRef = E5A8F4EE26AC85B20093D4E5 /* Room01ViewController.swift */; };
		E5A8F4F226AC925A0093D4E5 /* DoorTypeEnum.swift in Sources */ = {isa = PBXBuildFile; fileRef = E5A8F4F126AC925A0093D4E5 /* DoorTypeEnum.swift */; };
		E5A8F4F426AC949F0093D4E5 /* Room02ViewController.swift in Sources */ = {isa = PBXBuildFile; fileRef = E5A8F4F326AC949F0093D4E5 /* Room02ViewController.swift */; };
		E5A8F4F626AC98AE0093D4E5 /* DieViewController.swift in Sources */ = {isa = PBXBuildFile; fileRef = E5A8F4F526AC98AE0093D4E5 /* DieViewController.swift */; };
		E5A8F4F826ACA19E0093D4E5 /* Room03ViewController.swift in Sources */ = {isa = PBXBuildFile; fileRef = E5A8F4F726ACA19E0093D4E5 /* Room03ViewController.swift */; };
		E5A8F4FA26ACA1B00093D4E5 /* Room04ViewController.swift in Sources */ = {isa = PBXBuildFile; fileRef = E5A8F4F926ACA1B00093D4E5 /* Room04ViewController.swift */; };
		E5A8F4FC26ACA1BC0093D4E5 /* Room05ViewController.swift in Sources */ = {isa = PBXBuildFile; fileRef = E5A8F4FB26ACA1BC0093D4E5 /* Room05ViewController.swift */; };
		E5A8F4FE26ACA1CA0093D4E5 /* Room06ViewController.swift in Sources */ = {isa = PBXBuildFile; fileRef = E5A8F4FD26ACA1CA0093D4E5 /* Room06ViewController.swift */; };
		E5A8F50026ACA1D50093D4E5 /* Room07ViewController.swift in Sources */ = {isa = PBXBuildFile; fileRef = E5A8F4FF26ACA1D50093D4E5 /* Room07ViewController.swift */; };
		E5A8F50226ACA1E60093D4E5 /* Room08ViewController.swift in Sources */ = {isa = PBXBuildFile; fileRef = E5A8F50126ACA1E60093D4E5 /* Room08ViewController.swift */; };
		E5A8F50426ACA2080093D4E5 /* EndViewController.swift in Sources */ = {isa = PBXBuildFile; fileRef = E5A8F50326ACA2080093D4E5 /* EndViewController.swift */; };
		E5A8F50826ACAEB80093D4E5 /* ElevatorViewController.swift in Sources */ = {isa = PBXBuildFile; fileRef = E5A8F50726ACAEB80093D4E5 /* ElevatorViewController.swift */; };
		E5FE214826AB724B00F1EE1C /* rexlia rg.otf in Resources */ = {isa = PBXBuildFile; fileRef = E5FE214726AB724500F1EE1C /* rexlia rg.otf */; };
/* End PBXBuildFile section */

/* Begin PBXFileReference section */
		E555694926A894BC008C8E88 /* escaperoom.app */ = {isa = PBXFileReference; explicitFileType = wrapper.application; includeInIndex = 0; path = escaperoom.app; sourceTree = BUILT_PRODUCTS_DIR; };
		E555694C26A894BC008C8E88 /* AppDelegate.swift */ = {isa = PBXFileReference; lastKnownFileType = sourcecode.swift; path = AppDelegate.swift; sourceTree = "<group>"; };
		E555694E26A894BC008C8E88 /* SceneDelegate.swift */ = {isa = PBXFileReference; lastKnownFileType = sourcecode.swift; path = SceneDelegate.swift; sourceTree = "<group>"; };
		E555695026A894BC008C8E88 /* ViewController.swift */ = {isa = PBXFileReference; lastKnownFileType = sourcecode.swift; path = ViewController.swift; sourceTree = "<group>"; };
		E555695326A894BC008C8E88 /* Base */ = {isa = PBXFileReference; lastKnownFileType = file.storyboard; name = Base; path = Base.lproj/Main.storyboard; sourceTree = "<group>"; };
		E555695526A894BE008C8E88 /* Assets.xcassets */ = {isa = PBXFileReference; lastKnownFileType = folder.assetcatalog; path = Assets.xcassets; sourceTree = "<group>"; };
		E555695826A894BE008C8E88 /* Base */ = {isa = PBXFileReference; lastKnownFileType = file.storyboard; name = Base; path = Base.lproj/LaunchScreen.storyboard; sourceTree = "<group>"; };
		E555695A26A894BE008C8E88 /* Info.plist */ = {isa = PBXFileReference; lastKnownFileType = text.plist.xml; path = Info.plist; sourceTree = "<group>"; };
		E5A8F4EE26AC85B20093D4E5 /* Room01ViewController.swift */ = {isa = PBXFileReference; lastKnownFileType = sourcecode.swift; path = Room01ViewController.swift; sourceTree = "<group>"; };
		E5A8F4F126AC925A0093D4E5 /* DoorTypeEnum.swift */ = {isa = PBXFileReference; lastKnownFileType = sourcecode.swift; path = DoorTypeEnum.swift; sourceTree = "<group>"; };
		E5A8F4F326AC949F0093D4E5 /* Room02ViewController.swift */ = {isa = PBXFileReference; lastKnownFileType = sourcecode.swift; path = Room02ViewController.swift; sourceTree = "<group>"; };
		E5A8F4F526AC98AE0093D4E5 /* DieViewController.swift */ = {isa = PBXFileReference; lastKnownFileType = sourcecode.swift; path = DieViewController.swift; sourceTree = "<group>"; };
		E5A8F4F726ACA19E0093D4E5 /* Room03ViewController.swift */ = {isa = PBXFileReference; lastKnownFileType = sourcecode.swift; path = Room03ViewController.swift; sourceTree = "<group>"; };
		E5A8F4F926ACA1B00093D4E5 /* Room04ViewController.swift */ = {isa = PBXFileReference; lastKnownFileType = sourcecode.swift; path = Room04ViewController.swift; sourceTree = "<group>"; };
		E5A8F4FB26ACA1BC0093D4E5 /* Room05ViewController.swift */ = {isa = PBXFileReference; lastKnownFileType = sourcecode.swift; path = Room05ViewController.swift; sourceTree = "<group>"; };
		E5A8F4FD26ACA1CA0093D4E5 /* Room06ViewController.swift */ = {isa = PBXFileReference; lastKnownFileType = sourcecode.swift; path = Room06ViewController.swift; sourceTree = "<group>"; };
		E5A8F4FF26ACA1D50093D4E5 /* Room07ViewController.swift */ = {isa = PBXFileReference; lastKnownFileType = sourcecode.swift; path = Room07ViewController.swift; sourceTree = "<group>"; };
		E5A8F50126ACA1E60093D4E5 /* Room08ViewController.swift */ = {isa = PBXFileReference; lastKnownFileType = sourcecode.swift; path = Room08ViewController.swift; sourceTree = "<group>"; };
		E5A8F50326ACA2080093D4E5 /* EndViewController.swift */ = {isa = PBXFileReference; lastKnownFileType = sourcecode.swift; path = EndViewController.swift; sourceTree = "<group>"; };
		E5A8F50726ACAEB80093D4E5 /* ElevatorViewController.swift */ = {isa = PBXFileReference; lastKnownFileType = sourcecode.swift; path = ElevatorViewController.swift; sourceTree = "<group>"; };
		E5FE214726AB724500F1EE1C /* rexlia rg.otf */ = {isa = PBXFileReference; lastKnownFileType = file; path = "rexlia rg.otf"; sourceTree = "<group>"; };
/* End PBXFileReference section */

/* Begin PBXFrameworksBuildPhase section */
		E555694626A894BC008C8E88 /* Frameworks */ = {
			isa = PBXFrameworksBuildPhase;
			buildActionMask = 2147483647;
			files = (
			);
			runOnlyForDeploymentPostprocessing = 0;
		};
/* End PBXFrameworksBuildPhase section */

/* Begin PBXGroup section */
		E555694026A894BC008C8E88 = {
			isa = PBXGroup;
			children = (
				E555694B26A894BC008C8E88 /* escaperoom */,
				E555694A26A894BC008C8E88 /* Products */,
			);
			sourceTree = "<group>";
		};
		E555694A26A894BC008C8E88 /* Products */ = {
			isa = PBXGroup;
			children = (
				E555694926A894BC008C8E88 /* escaperoom.app */,
			);
			name = Products;
			sourceTree = "<group>";
		};
		E555694B26A894BC008C8E88 /* escaperoom */ = {
			isa = PBXGroup;
			children = (
				E5A8F4F026AC92430093D4E5 /* Models */,
				E5A8F4ED26AC85880093D4E5 /* Controllers */,
				E5FE214626AB721E00F1EE1C /* Fonts */,
				E555694C26A894BC008C8E88 /* AppDelegate.swift */,
				E555694E26A894BC008C8E88 /* SceneDelegate.swift */,
				E555695226A894BC008C8E88 /* Main.storyboard */,
				E555695526A894BE008C8E88 /* Assets.xcassets */,
				E555695726A894BE008C8E88 /* LaunchScreen.storyboard */,
				E555695A26A894BE008C8E88 /* Info.plist */,
			);
			path = escaperoom;
			sourceTree = "<group>";
		};
		E5A8F4ED26AC85880093D4E5 /* Controllers */ = {
			isa = PBXGroup;
			children = (
				E555695026A894BC008C8E88 /* ViewController.swift */,
				E5A8F4EE26AC85B20093D4E5 /* Room01ViewController.swift */,
				E5A8F4F326AC949F0093D4E5 /* Room02ViewController.swift */,
				E5A8F4F526AC98AE0093D4E5 /* DieViewController.swift */,
				E5A8F4F726ACA19E0093D4E5 /* Room03ViewController.swift */,
				E5A8F4F926ACA1B00093D4E5 /* Room04ViewController.swift */,
				E5A8F4FB26ACA1BC0093D4E5 /* Room05ViewController.swift */,
				E5A8F4FD26ACA1CA0093D4E5 /* Room06ViewController.swift */,
				E5A8F4FF26ACA1D50093D4E5 /* Room07ViewController.swift */,
				E5A8F50126ACA1E60093D4E5 /* Room08ViewController.swift */,
				E5A8F50326ACA2080093D4E5 /* EndViewController.swift */,
				E5A8F50726ACAEB80093D4E5 /* ElevatorViewController.swift */,
			);
			path = Controllers;
			sourceTree = "<group>";
		};
		E5A8F4F026AC92430093D4E5 /* Models */ = {
			isa = PBXGroup;
			children = (
				E5A8F4F126AC925A0093D4E5 /* DoorTypeEnum.swift */,
			);
			path = Models;
			sourceTree = "<group>";
		};
		E5FE214626AB721E00F1EE1C /* Fonts */ = {
			isa = PBXGroup;
			children = (
				E5FE214726AB724500F1EE1C /* rexlia rg.otf */,
			);
			path = Fonts;
			sourceTree = "<group>";
		};
/* End PBXGroup section */

/* Begin PBXNativeTarget section */
		E555694826A894BC008C8E88 /* escaperoom */ = {
			isa = PBXNativeTarget;
			buildConfigurationList = E555695D26A894BE008C8E88 /* Build configuration list for PBXNativeTarget "escaperoom" */;
			buildPhases = (
				E555694526A894BC008C8E88 /* Sources */,
				E555694626A894BC008C8E88 /* Frameworks */,
				E555694726A894BC008C8E88 /* Resources */,
			);
			buildRules = (
			);
			dependencies = (
			);
			name = escaperoom;
			productName = escaperoom;
			productReference = E555694926A894BC008C8E88 /* escaperoom.app */;
			productType = "com.apple.product-type.application";
		};
/* End PBXNativeTarget section */

/* Begin PBXProject section */
		E555694126A894BC008C8E88 /* Project object */ = {
			isa = PBXProject;
			attributes = {
				LastSwiftUpdateCheck = 1250;
				LastUpgradeCheck = 1250;
				TargetAttributes = {
					E555694826A894BC008C8E88 = {
						CreatedOnToolsVersion = 12.5.1;
					};
				};
			};
			buildConfigurationList = E555694426A894BC008C8E88 /* Build configuration list for PBXProject "escaperoom" */;
			compatibilityVersion = "Xcode 9.3";
			developmentRegion = en;
			hasScannedForEncodings = 0;
			knownRegions = (
				en,
				Base,
			);
			mainGroup = E555694026A894BC008C8E88;
			productRefGroup = E555694A26A894BC008C8E88 /* Products */;
			projectDirPath = "";
			projectRoot = "";
			targets = (
				E555694826A894BC008C8E88 /* escaperoom */,
			);
		};
/* End PBXProject section */

/* Begin PBXResourcesBuildPhase section */
		E555694726A894BC008C8E88 /* Resources */ = {
			isa = PBXResourcesBuildPhase;
			buildActionMask = 2147483647;
			files = (
				E555695926A894BE008C8E88 /* LaunchScreen.storyboard in Resources */,
				E555695626A894BE008C8E88 /* Assets.xcassets in Resources */,
				E5FE214826AB724B00F1EE1C /* rexlia rg.otf in Resources */,
				E555695426A894BC008C8E88 /* Main.storyboard in Resources */,
			);
			runOnlyForDeploymentPostprocessing = 0;
		};
/* End PBXResourcesBuildPhase section */

/* Begin PBXSourcesBuildPhase section */
		E555694526A894BC008C8E88 /* Sources */ = {
			isa = PBXSourcesBuildPhase;
			buildActionMask = 2147483647;
			files = (
				E555695126A894BC008C8E88 /* ViewController.swift in Sources */,
				E555694D26A894BC008C8E88 /* AppDelegate.swift in Sources */,
				E5A8F4FE26ACA1CA0093D4E5 /* Room06ViewController.swift in Sources */,
				E5A8F4F226AC925A0093D4E5 /* DoorTypeEnum.swift in Sources */,
				E5A8F4FA26ACA1B00093D4E5 /* Room04ViewController.swift in Sources */,
				E5A8F4F426AC949F0093D4E5 /* Room02ViewController.swift in Sources */,
				E5A8F4F826ACA19E0093D4E5 /* Room03ViewController.swift in Sources */,
				E5A8F50826ACAEB80093D4E5 /* ElevatorViewController.swift in Sources */,
				E5A8F4FC26ACA1BC0093D4E5 /* Room05ViewController.swift in Sources */,
				E5A8F50026ACA1D50093D4E5 /* Room07ViewController.swift in Sources */,
				E5A8F4F626AC98AE0093D4E5 /* DieViewController.swift in Sources */,
				E5A8F50426ACA2080093D4E5 /* EndViewController.swift in Sources */,
				E5A8F4EF26AC85B20093D4E5 /* Room01ViewController.swift in Sources */,
				E555694F26A894BC008C8E88 /* SceneDelegate.swift in Sources */,
				E5A8F50226ACA1E60093D4E5 /* Room08ViewController.swift in Sources */,
			);
			runOnlyForDeploymentPostprocessing = 0;
		};
/* End PBXSourcesBuildPhase section */

/* Begin PBXVariantGroup section */
		E555695226A894BC008C8E88 /* Main.storyboard */ = {
			isa = PBXVariantGroup;
			children = (
				E555695326A894BC008C8E88 /* Base */,
			);
			name = Main.storyboard;
			sourceTree = "<group>";
		};
		E555695726A894BE008C8E88 /* LaunchScreen.storyboard */ = {
			isa = PBXVariantGroup;
			children = (
				E555695826A894BE008C8E88 /* Base */,
			);
			name = LaunchScreen.storyboard;
			sourceTree = "<group>";
		};
/* End PBXVariantGroup section */

/* Begin XCBuildConfiguration section */
		E555695B26A894BE008C8E88 /* Debug */ = {
			isa = XCBuildConfiguration;
			buildSettings = {
				ALWAYS_SEARCH_USER_PATHS = NO;
				CLANG_ANALYZER_NONNULL = YES;
				CLANG_ANALYZER_NUMBER_OBJECT_CONVERSION = YES_AGGRESSIVE;
				CLANG_CXX_LANGUAGE_STANDARD = "gnu++14";
				CLANG_CXX_LIBRARY = "libc++";
				CLANG_ENABLE_MODULES = YES;
				CLANG_ENABLE_OBJC_ARC = YES;
				CLANG_ENABLE_OBJC_WEAK = YES;
				CLANG_WARN_BLOCK_CAPTURE_AUTORELEASING = YES;
				CLANG_WARN_BOOL_CONVERSION = YES;
				CLANG_WARN_COMMA = YES;
				CLANG_WARN_CONSTANT_CONVERSION = YES;
				CLANG_WARN_DEPRECATED_OBJC_IMPLEMENTATIONS = YES;
				CLANG_WARN_DIRECT_OBJC_ISA_USAGE = YES_ERROR;
				CLANG_WARN_DOCUMENTATION_COMMENTS = YES;
				CLANG_WARN_EMPTY_BODY = YES;
				CLANG_WARN_ENUM_CONVERSION = YES;
				CLANG_WARN_INFINITE_RECURSION = YES;
				CLANG_WARN_INT_CONVERSION = YES;
				CLANG_WARN_NON_LITERAL_NULL_CONVERSION = YES;
				CLANG_WARN_OBJC_IMPLICIT_RETAIN_SELF = YES;
				CLANG_WARN_OBJC_LITERAL_CONVERSION = YES;
				CLANG_WARN_OBJC_ROOT_CLASS = YES_ERROR;
				CLANG_WARN_QUOTED_INCLUDE_IN_FRAMEWORK_HEADER = YES;
				CLANG_WARN_RANGE_LOOP_ANALYSIS = YES;
				CLANG_WARN_STRICT_PROTOTYPES = YES;
				CLANG_WARN_SUSPICIOUS_MOVE = YES;
				CLANG_WARN_UNGUARDED_AVAILABILITY = YES_AGGRESSIVE;
				CLANG_WARN_UNREACHABLE_CODE = YES;
				CLANG_WARN__DUPLICATE_METHOD_MATCH = YES;
				COPY_PHASE_STRIP = NO;
				DEBUG_INFORMATION_FORMAT = dwarf;
				ENABLE_STRICT_OBJC_MSGSEND = YES;
				ENABLE_TESTABILITY = YES;
				GCC_C_LANGUAGE_STANDARD = gnu11;
				GCC_DYNAMIC_NO_PIC = NO;
				GCC_NO_COMMON_BLOCKS = YES;
				GCC_OPTIMIZATION_LEVEL = 0;
				GCC_PREPROCESSOR_DEFINITIONS = (
					"DEBUG=1",
					"$(inherited)",
				);
				GCC_WARN_64_TO_32_BIT_CONVERSION = YES;
				GCC_WARN_ABOUT_RETURN_TYPE = YES_ERROR;
				GCC_WARN_UNDECLARED_SELECTOR = YES;
				GCC_WARN_UNINITIALIZED_AUTOS = YES_AGGRESSIVE;
				GCC_WARN_UNUSED_FUNCTION = YES;
				GCC_WARN_UNUSED_VARIABLE = YES;
				IPHONEOS_DEPLOYMENT_TARGET = 14.5;
				MTL_ENABLE_DEBUG_INFO = INCLUDE_SOURCE;
				MTL_FAST_MATH = YES;
				ONLY_ACTIVE_ARCH = YES;
				SDKROOT = iphoneos;
				SWIFT_ACTIVE_COMPILATION_CONDITIONS = DEBUG;
				SWIFT_OPTIMIZATION_LEVEL = "-Onone";
			};
			name = Debug;
		};
		E555695C26A894BE008C8E88 /* Release */ = {
			isa = XCBuildConfiguration;
			buildSettings = {
				ALWAYS_SEARCH_USER_PATHS = NO;
				CLANG_ANALYZER_NONNULL = YES;
				CLANG_ANALYZER_NUMBER_OBJECT_CONVERSION = YES_AGGRESSIVE;
				CLANG_CXX_LANGUAGE_STANDARD = "gnu++14";
				CLANG_CXX_LIBRARY = "libc++";
				CLANG_ENABLE_MODULES = YES;
				CLANG_ENABLE_OBJC_ARC = YES;
				CLANG_ENABLE_OBJC_WEAK = YES;
				CLANG_WARN_BLOCK_CAPTURE_AUTORELEASING = YES;
				CLANG_WARN_BOOL_CONVERSION = YES;
				CLANG_WARN_COMMA = YES;
				CLANG_WARN_CONSTANT_CONVERSION = YES;
				CLANG_WARN_DEPRECATED_OBJC_IMPLEMENTATIONS = YES;
				CLANG_WARN_DIRECT_OBJC_ISA_USAGE = YES_ERROR;
				CLANG_WARN_DOCUMENTATION_COMMENTS = YES;
				CLANG_WARN_EMPTY_BODY = YES;
				CLANG_WARN_ENUM_CONVERSION = YES;
				CLANG_WARN_INFINITE_RECURSION = YES;
				CLANG_WARN_INT_CONVERSION = YES;
				CLANG_WARN_NON_LITERAL_NULL_CONVERSION = YES;
				CLANG_WARN_OBJC_IMPLICIT_RETAIN_SELF = YES;
				CLANG_WARN_OBJC_LITERAL_CONVERSION = YES;
				CLANG_WARN_OBJC_ROOT_CLASS = YES_ERROR;
				CLANG_WARN_QUOTED_INCLUDE_IN_FRAMEWORK_HEADER = YES;
				CLANG_WARN_RANGE_LOOP_ANALYSIS = YES;
				CLANG_WARN_STRICT_PROTOTYPES = YES;
				CLANG_WARN_SUSPICIOUS_MOVE = YES;
				CLANG_WARN_UNGUARDED_AVAILABILITY = YES_AGGRESSIVE;
				CLANG_WARN_UNREACHABLE_CODE = YES;
				CLANG_WARN__DUPLICATE_METHOD_MATCH = YES;
				COPY_PHASE_STRIP = NO;
				DEBUG_INFORMATION_FORMAT = "dwarf-with-dsym";
				ENABLE_NS_ASSERTIONS = NO;
				ENABLE_STRICT_OBJC_MSGSEND = YES;
				GCC_C_LANGUAGE_STANDARD = gnu11;
				GCC_NO_COMMON_BLOCKS = YES;
				GCC_WARN_64_TO_32_BIT_CONVERSION = YES;
				GCC_WARN_ABOUT_RETURN_TYPE = YES_ERROR;
				GCC_WARN_UNDECLARED_SELECTOR = YES;
				GCC_WARN_UNINITIALIZED_AUTOS = YES_AGGRESSIVE;
				GCC_WARN_UNUSED_FUNCTION = YES;
				GCC_WARN_UNUSED_VARIABLE = YES;
				IPHONEOS_DEPLOYMENT_TARGET = 14.5;
				MTL_ENABLE_DEBUG_INFO = NO;
				MTL_FAST_MATH = YES;
				SDKROOT = iphoneos;
				SWIFT_COMPILATION_MODE = wholemodule;
				SWIFT_OPTIMIZATION_LEVEL = "-O";
				VALIDATE_PRODUCT = YES;
			};
			name = Release;
		};
		E555695E26A894BE008C8E88 /* Debug */ = {
			isa = XCBuildConfiguration;
			buildSettings = {
				ASSETCATALOG_COMPILER_APPICON_NAME = AppIcon;
				ASSETCATALOG_COMPILER_GLOBAL_ACCENT_COLOR_NAME = AccentColor;
				CODE_SIGN_STYLE = Automatic;
				DEVELOPMENT_TEAM = H7R4J57657;
				INFOPLIST_FILE = escaperoom/Info.plist;
				LD_RUNPATH_SEARCH_PATHS = (
					"$(inherited)",
					"@executable_path/Frameworks",
				);
				PRODUCT_BUNDLE_IDENTIFIER = com.sthefanny.escaperoom;
				PRODUCT_NAME = "$(TARGET_NAME)";
				SWIFT_VERSION = 5.0;
				TARGETED_DEVICE_FAMILY = "1,2";
			};
			name = Debug;
		};
		E555695F26A894BE008C8E88 /* Release */ = {
			isa = XCBuildConfiguration;
			buildSettings = {
				ASSETCATALOG_COMPILER_APPICON_NAME = AppIcon;
				ASSETCATALOG_COMPILER_GLOBAL_ACCENT_COLOR_NAME = AccentColor;
				CODE_SIGN_STYLE = Automatic;
				DEVELOPMENT_TEAM = H7R4J57657;
				INFOPLIST_FILE = escaperoom/Info.plist;
				LD_RUNPATH_SEARCH_PATHS = (
					"$(inherited)",
					"@executable_path/Frameworks",
				);
				PRODUCT_BUNDLE_IDENTIFIER = com.sthefanny.escaperoom;
				PRODUCT_NAME = "$(TARGET_NAME)";
				SWIFT_VERSION = 5.0;
				TARGETED_DEVICE_FAMILY = "1,2";
			};
			name = Release;
		};
/* End XCBuildConfiguration section */

/* Begin XCConfigurationList section */
		E555694426A894BC008C8E88 /* Build configuration list for PBXProject "escaperoom" */ = {
			isa = XCConfigurationList;
			buildConfigurations = (
				E555695B26A894BE008C8E88 /* Debug */,
				E555695C26A894BE008C8E88 /* Release */,
			);
			defaultConfigurationIsVisible = 0;
			defaultConfigurationName = Release;
		};
		E555695D26A894BE008C8E88 /* Build configuration list for PBXNativeTarget "escaperoom" */ = {
			isa = XCConfigurationList;
			buildConfigurations = (
				E555695E26A894BE008C8E88 /* Debug */,
				E555695F26A894BE008C8E88 /* Release */,
			);
			defaultConfigurationIsVisible = 0;
			defaultConfigurationName = Release;
		};
/* End XCConfigurationList section */
	};
	rootObject = E555694126A894BC008C8E88 /* Project object */;
}
